{
  "requires": true,
  "lockfileVersion": 1,
  "dependencies": {
    "langs": {
      "version": "2.0.0",
      "resolved": "https://registry.npmjs.org/langs/-/langs-2.0.0.tgz",
      "integrity": "sha1-AMMs5IFSpJphRFC5uiYyq1igo2Q="
    },
    "ngx-pagination": {
      "version": "5.1.1",
      "resolved": "https://registry.npmjs.org/ngx-pagination/-/ngx-pagination-5.1.1.tgz",
      "integrity": "sha512-KxHES+Dn6pbetytO9ng2GAdclmo4UcwzFmQyVPWh2xRPbAlv5/ezL2xnDVBFMqCoJQaZagvdQ+ZZFbqGWqAvCQ=="
    }
  }
}
